
Microsoft Visual Studio Solution File, Format Version 12.00
# Visual Studio Version 17
VisualStudioVersion = 17.2.32505.173
MinimumVisualStudioVersion = 10.0.40219.1
Project("{FAE04EC0-301F-11D3-BF4B-00C04F79EFBC}") = "PureVPN", "PureVPN\PureVPN.csproj", "{21936903-5FB3-4EE5-99AA-E5B45700F27B}"
EndProject
Global
	GlobalSection(SolutionConfigurationPlatforms) = preSolution
		Debug|Any CPU = Debug|Any CPU
		Release|Any CPU = Release|Any CPU
	EndGlobalSection
	GlobalSection(ProjectConfigurationPlatforms) = postSolution
		{21936903-5FB3-4EE5-99AA-E5B45700F27B}.Debug|Any CPU.ActiveCfg = Debug|Any CPU
		{21936903-5FB3-4EE5-99AA-E5B45700F27B}.Debug|Any CPU.Build.0 = Debug|Any CPU
		{21936903-5FB3-4EE5-99AA-E5B45700F27B}.Release|Any CPU.ActiveCfg = Release|Any CPU
		{21936903-5FB3-4EE5-99AA-E5B45700F27B}.Release|Any CPU.Build.0 = Release|Any CPU
	EndGlobalSection
	GlobalSection(SolutionProperties) = preSolution
		HideSolutionNode = FALSE
	EndGlobalSection
	GlobalSection(ExtensibilityGlobals) = postSolution
		SolutionGuid = {8414F3AB-B933-4B0E-9BAA-723C267D955E}
	EndGlobalSection
EndGlobal
